
Microsoft Visual Studio Solution File, Format Version 12.00
# Visual Studio Version 17
VisualStudioVersion = 17.10.34928.147
MinimumVisualStudioVersion = 10.0.40219.1
Project("{2150E333-8FDC-42A3-9474-1A3956D46DE8}") = "src", "src", "{45D8F19E-0F05-47F3-A019-558D993C8F19}"
EndProject
Project("{2150E333-8FDC-42A3-9474-1A3956D46DE8}") = "Tests", "Tests", "{F943387A-A077-48E5-A3F5-73232A37887A}"
EndProject
Project("{2150E333-8FDC-42A3-9474-1A3956D46DE8}") = "Application", "Application", "{3CE86C76-0B10-4357-90CB-B4B3ADFC6A26}"
EndProject
Project("{2150E333-8FDC-42A3-9474-1A3956D46DE8}") = "Core", "Core", "{3D8A04AD-C705-4C38-9B9C-4E8DECFB0C84}"
EndProject
Project("{2150E333-8FDC-42A3-9474-1A3956D46DE8}") = "Host", "Host", "{092C6084-60CF-4E14-BB01-D0C808C73369}"
EndProject
Project("{2150E333-8FDC-42A3-9474-1A3956D46DE8}") = "Infrastructure", "Infrastructure", "{5ACFF3A7-C6AB-42BB-A112-A9193922451A}"
EndProject
Project("{9A19103F-16F7-4668-BE54-9A1E7A4F7556}") = "Astral.PaymentIntegration.Application", "src\Application\Astral.PaymentIntegration.Application\Astral.PaymentIntegration.Application.csproj", "{9C99491F-7A1D-4E08-B8B1-1267F8836F86}"
EndProject
Project("{9A19103F-16F7-4668-BE54-9A1E7A4F7556}") = "Astral.PaymentIntegration.Core", "src\Core\Astral.PaymentIntegration.Core\Astral.PaymentIntegration.Core.csproj", "{05674ABB-6234-4874-917C-B10373AD6413}"
EndProject
Project("{FAE04EC0-301F-11D3-BF4B-00C04F79EFBC}") = "Astral.PaymentIntegration.API", "src\Host\Astral.PaymentIntegration.API\Astral.PaymentIntegration.API.csproj", "{8F33A379-5B1D-4071-ACE6-0B66B17BEA91}"
EndProject
Project("{FAE04EC0-301F-11D3-BF4B-00C04F79EFBC}") = "Astral.PaymentIntegration.Infrastructure", "src\Infrastructure\Astral.PaymentIntegration.Infrastructure\Astral.PaymentIntegration.Infrastructure.csproj", "{E111D983-2D89-44A8-9FAA-A655DAFEEF40}"
EndProject
Global
	GlobalSection(SolutionConfigurationPlatforms) = preSolution
		Debug|Any CPU = Debug|Any CPU
		Release|Any CPU = Release|Any CPU
	EndGlobalSection
	GlobalSection(ProjectConfigurationPlatforms) = postSolution
		{9C99491F-7A1D-4E08-B8B1-1267F8836F86}.Debug|Any CPU.ActiveCfg = Debug|Any CPU
		{9C99491F-7A1D-4E08-B8B1-1267F8836F86}.Debug|Any CPU.Build.0 = Debug|Any CPU
		{9C99491F-7A1D-4E08-B8B1-1267F8836F86}.Release|Any CPU.ActiveCfg = Release|Any CPU
		{9C99491F-7A1D-4E08-B8B1-1267F8836F86}.Release|Any CPU.Build.0 = Release|Any CPU
		{05674ABB-6234-4874-917C-B10373AD6413}.Debug|Any CPU.ActiveCfg = Debug|Any CPU
		{05674ABB-6234-4874-917C-B10373AD6413}.Debug|Any CPU.Build.0 = Debug|Any CPU
		{05674ABB-6234-4874-917C-B10373AD6413}.Release|Any CPU.ActiveCfg = Release|Any CPU
		{05674ABB-6234-4874-917C-B10373AD6413}.Release|Any CPU.Build.0 = Release|Any CPU
		{8F33A379-5B1D-4071-ACE6-0B66B17BEA91}.Debug|Any CPU.ActiveCfg = Debug|Any CPU
		{8F33A379-5B1D-4071-ACE6-0B66B17BEA91}.Debug|Any CPU.Build.0 = Debug|Any CPU
		{8F33A379-5B1D-4071-ACE6-0B66B17BEA91}.Release|Any CPU.ActiveCfg = Release|Any CPU
		{8F33A379-5B1D-4071-ACE6-0B66B17BEA91}.Release|Any CPU.Build.0 = Release|Any CPU
		{E111D983-2D89-44A8-9FAA-A655DAFEEF40}.Debug|Any CPU.ActiveCfg = Debug|Any CPU
		{E111D983-2D89-44A8-9FAA-A655DAFEEF40}.Debug|Any CPU.Build.0 = Debug|Any CPU
		{E111D983-2D89-44A8-9FAA-A655DAFEEF40}.Release|Any CPU.ActiveCfg = Release|Any CPU
		{E111D983-2D89-44A8-9FAA-A655DAFEEF40}.Release|Any CPU.Build.0 = Release|Any CPU
	EndGlobalSection
	GlobalSection(SolutionProperties) = preSolution
		HideSolutionNode = FALSE
	EndGlobalSection
	GlobalSection(NestedProjects) = preSolution
		{3CE86C76-0B10-4357-90CB-B4B3ADFC6A26} = {45D8F19E-0F05-47F3-A019-558D993C8F19}
		{3D8A04AD-C705-4C38-9B9C-4E8DECFB0C84} = {45D8F19E-0F05-47F3-A019-558D993C8F19}
		{092C6084-60CF-4E14-BB01-D0C808C73369} = {45D8F19E-0F05-47F3-A019-558D993C8F19}
		{5ACFF3A7-C6AB-42BB-A112-A9193922451A} = {45D8F19E-0F05-47F3-A019-558D993C8F19}
		{9C99491F-7A1D-4E08-B8B1-1267F8836F86} = {3CE86C76-0B10-4357-90CB-B4B3ADFC6A26}
		{05674ABB-6234-4874-917C-B10373AD6413} = {3D8A04AD-C705-4C38-9B9C-4E8DECFB0C84}
		{8F33A379-5B1D-4071-ACE6-0B66B17BEA91} = {092C6084-60CF-4E14-BB01-D0C808C73369}
		{E111D983-2D89-44A8-9FAA-A655DAFEEF40} = {5ACFF3A7-C6AB-42BB-A112-A9193922451A}
	EndGlobalSection
	GlobalSection(ExtensibilityGlobals) = postSolution
		SolutionGuid = {840C9AEB-91C0-478F-8643-C37EE39DB87E}
	EndGlobalSection
EndGlobal
