
Microsoft Visual Studio Solution File, Format Version 12.00
# Visual Studio Version 17
VisualStudioVersion = 17.10.34928.147
MinimumVisualStudioVersion = 10.0.40219.1
Project("{2150E333-8FDC-42A3-9474-1A3956D46DE8}") = "src", "src", "{131727D4-BB1A-426A-9DA4-94578602534A}"
EndProject
Project("{2150E333-8FDC-42A3-9474-1A3956D46DE8}") = "SolutionItems", "SolutionItems", "{E01F5CDC-D9E4-49E6-8349-DB9ABD5DE46E}"
EndProject
Project("{FAE04EC0-301F-11D3-BF4B-00C04F79EFBC}") = "APIGateway", "src\APIGateway\APIGateway.csproj", "{D34D6BC3-1087-48AF-AD20-596C8116BD1C}"
EndProject
Global
	GlobalSection(SolutionConfigurationPlatforms) = preSolution
		Debug|Any CPU = Debug|Any CPU
		Release|Any CPU = Release|Any CPU
	EndGlobalSection
	GlobalSection(ProjectConfigurationPlatforms) = postSolution
		{D34D6BC3-1087-48AF-AD20-596C8116BD1C}.Debug|Any CPU.ActiveCfg = Debug|Any CPU
		{D34D6BC3-1087-48AF-AD20-596C8116BD1C}.Debug|Any CPU.Build.0 = Debug|Any CPU
		{D34D6BC3-1087-48AF-AD20-596C8116BD1C}.Release|Any CPU.ActiveCfg = Release|Any CPU
		{D34D6BC3-1087-48AF-AD20-596C8116BD1C}.Release|Any CPU.Build.0 = Release|Any CPU
	EndGlobalSection
	GlobalSection(SolutionProperties) = preSolution
		HideSolutionNode = FALSE
	EndGlobalSection
	GlobalSection(NestedProjects) = preSolution
		{D34D6BC3-1087-48AF-AD20-596C8116BD1C} = {131727D4-BB1A-426A-9DA4-94578602534A}
	EndGlobalSection
	GlobalSection(ExtensibilityGlobals) = postSolution
		SolutionGuid = {A65397C1-2226-4062-8BFA-BB4A2328BE43}
	EndGlobalSection
EndGlobal
